// !$*UTF8*$!
{
	archiveVersion = 1;
	classes = {
	};
	objectVersion = 50;
	objects = {

/* Begin PBXBuildFile section */
		AC5D0669249850C9009829F9 /* AppDelegate.swift in Sources */ = {isa = PBXBuildFile; fileRef = AC5D0668249850C9009829F9 /* AppDelegate.swift */; };
		AC5D066B249850C9009829F9 /* SceneDelegate.swift in Sources */ = {isa = PBXBuildFile; fileRef = AC5D066A249850C9009829F9 /* SceneDelegate.swift */; };
		AC5D066D249850C9009829F9 /* ViewController.swift in Sources */ = {isa = PBXBuildFile; fileRef = AC5D066C249850C9009829F9 /* ViewController.swift */; };
		AC5D0670249850C9009829F9 /* Main.storyboard in Resources */ = {isa = PBXBuildFile; fileRef = AC5D066E249850C9009829F9 /* Main.storyboard */; };
		AC5D0672249850CB009829F9 /* Assets.xcassets in Resources */ = {isa = PBXBuildFile; fileRef = AC5D0671249850CB009829F9 /* Assets.xcassets */; };
		AC5D0675249850CB009829F9 /* LaunchScreen.storyboard in Resources */ = {isa = PBXBuildFile; fileRef = AC5D0673249850CB009829F9 /* LaunchScreen.storyboard */; };
/* End PBXBuildFile section */

/* Begin PBXFileReference section */
		AC5D0665249850C9009829F9 /* VisitPlaces_Srinath_C0741052.app */ = {isa = PBXFileReference; explicitFileType = wrapper.application; includeInIndex = 0; path = VisitPlaces_Srinath_C0741052.app; sourceTree = BUILT_PRODUCTS_DIR; };
		AC5D0668249850C9009829F9 /* AppDelegate.swift */ = {isa = PBXFileReference; lastKnownFileType = sourcecode.swift; path = AppDelegate.swift; sourceTree = "<group>"; };
		AC5D066A249850C9009829F9 /* SceneDelegate.swift */ = {isa = PBXFileReference; lastKnownFileType = sourcecode.swift; path = SceneDelegate.swift; sourceTree = "<group>"; };
		AC5D066C249850C9009829F9 /* ViewController.swift */ = {isa = PBXFileReference; lastKnownFileType = sourcecode.swift; path = ViewController.swift; sourceTree = "<group>"; };
		AC5D066F249850C9009829F9 /* Base */ = {isa = PBXFileReference; lastKnownFileType = file.storyboard; name = Base; path = Base.lproj/Main.storyboard; sourceTree = "<group>"; };
		AC5D0671249850CB009829F9 /* Assets.xcassets */ = {isa = PBXFileReference; lastKnownFileType = folder.assetcatalog; path = Assets.xcassets; sourceTree = "<group>"; };
		AC5D0674249850CB009829F9 /* Base */ = {isa = PBXFileReference; lastKnownFileType = file.storyboard; name = Base; path = Base.lproj/LaunchScreen.storyboard; sourceTree = "<group>"; };
		AC5D0676249850CB009829F9 /* Info.plist */ = {isa = PBXFileReference; lastKnownFileType = text.plist.xml; path = Info.plist; sourceTree = "<group>"; };
/* End PBXFileReference section */

/* Begin PBXFrameworksBuildPhase section */
		AC5D0662249850C9009829F9 /* Frameworks */ = {
			isa = PBXFrameworksBuildPhase;
			buildActionMask = 2147483647;
			files = (
			);
			runOnlyForDeploymentPostprocessing = 0;
		};
/* End PBXFrameworksBuildPhase section */

/* Begin PBXGroup section */
		AC5D065C249850C9009829F9 = {
			isa = PBXGroup;
			children = (
				AC5D0667249850C9009829F9 /* VisitPlaces_Srinath_C0741052 */,
				AC5D0666249850C9009829F9 /* Products */,
			);
			sourceTree = "<group>";
		};
		AC5D0666249850C9009829F9 /* Products */ = {
			isa = PBXGroup;
			children = (
				AC5D0665249850C9009829F9 /* VisitPlaces_Srinath_C0741052.app */,
			);
			name = Products;
			sourceTree = "<group>";
		};
		AC5D0667249850C9009829F9 /* VisitPlaces_Srinath_C0741052 */ = {
			isa = PBXGroup;
			children = (
				AC5D0668249850C9009829F9 /* AppDelegate.swift */,
				AC5D066A249850C9009829F9 /* SceneDelegate.swift */,
				AC5D066C249850C9009829F9 /* ViewController.swift */,
				AC5D066E249850C9009829F9 /* Main.storyboard */,
				AC5D0671249850CB009829F9 /* Assets.xcassets */,
				AC5D0673249850CB009829F9 /* LaunchScreen.storyboard */,
				AC5D0676249850CB009829F9 /* Info.plist */,
			);
			path = VisitPlaces_Srinath_C0741052;
			sourceTree = "<group>";
		};
/* End PBXGroup section */

/* Begin PBXNativeTarget section */
		AC5D0664249850C9009829F9 /* VisitPlaces_Srinath_C0741052 */ = {
			isa = PBXNativeTarget;
			buildConfigurationList = AC5D0679249850CB009829F9 /* Build configuration list for PBXNativeTarget "VisitPlaces_Srinath_C0741052" */;
			buildPhases = (
				AC5D0661249850C9009829F9 /* Sources */,
				AC5D0662249850C9009829F9 /* Frameworks */,
				AC5D0663249850C9009829F9 /* Resources */,
			);
			buildRules = (
			);
			dependencies = (
			);
			name = VisitPlaces_Srinath_C0741052;
			productName = VisitPlaces_Srinath_C0741052;
			productReference = AC5D0665249850C9009829F9 /* VisitPlaces_Srinath_C0741052.app */;
			productType = "com.apple.product-type.application";
		};
/* End PBXNativeTarget section */

/* Begin PBXProject section */
		AC5D065D249850C9009829F9 /* Project object */ = {
			isa = PBXProject;
			attributes = {
				LastSwiftUpdateCheck = 1140;
				LastUpgradeCheck = 1140;
				ORGANIZATIONNAME = com.visitPlaces;
				TargetAttributes = {
					AC5D0664249850C9009829F9 = {
						CreatedOnToolsVersion = 11.4;
					};
				};
			};
			buildConfigurationList = AC5D0660249850C9009829F9 /* Build configuration list for PBXProject "VisitPlaces_Srinath_C0741052" */;
			compatibilityVersion = "Xcode 9.3";
			developmentRegion = en;
			hasScannedForEncodings = 0;
			knownRegions = (
				en,
				Base,
			);
			mainGroup = AC5D065C249850C9009829F9;
			productRefGroup = AC5D0666249850C9009829F9 /* Products */;
			projectDirPath = "";
			projectRoot = "";
			targets = (
				AC5D0664249850C9009829F9 /* VisitPlaces_Srinath_C0741052 */,
			);
		};
/* End PBXProject section */

/* Begin PBXResourcesBuildPhase section */
		AC5D0663249850C9009829F9 /* Resources */ = {
			isa = PBXResourcesBuildPhase;
			buildActionMask = 2147483647;
			files = (
				AC5D0675249850CB009829F9 /* LaunchScreen.storyboard in Resources */,
				AC5D0672249850CB009829F9 /* Assets.xcassets in Resources */,
				AC5D0670249850C9009829F9 /* Main.storyboard in Resources */,
			);
			runOnlyForDeploymentPostprocessing = 0;
		};
/* End PBXResourcesBuildPhase section */

/* Begin PBXSourcesBuildPhase section */
		AC5D0661249850C9009829F9 /* Sources */ = {
			isa = PBXSourcesBuildPhase;
			buildActionMask = 2147483647;
			files = (
				AC5D066D249850C9009829F9 /* ViewController.swift in Sources */,
				AC5D0669249850C9009829F9 /* AppDelegate.swift in Sources */,
				AC5D066B249850C9009829F9 /* SceneDelegate.swift in Sources */,
			);
			runOnlyForDeploymentPostprocessing = 0;
		};
/* End PBXSourcesBuildPhase section */

/* Begin PBXVariantGroup section */
		AC5D066E249850C9009829F9 /* Main.storyboard */ = {
			isa = PBXVariantGroup;
			children = (
				AC5D066F249850C9009829F9 /* Base */,
			);
			name = Main.storyboard;
			sourceTree = "<group>";
		};
		AC5D0673249850CB009829F9 /* LaunchScreen.storyboard */ = {
			isa = PBXVariantGroup;
			children = (
				AC5D0674249850CB009829F9 /* Base */,
			);
			name = LaunchScreen.storyboard;
			sourceTree = "<group>";
		};
/* End PBXVariantGroup section */

/* Begin XCBuildConfiguration section */
		AC5D0677249850CB009829F9 /* Debug */ = {
			isa = XCBuildConfiguration;
			buildSettings = {
				ALWAYS_SEARCH_USER_PATHS = NO;
				CLANG_ANALYZER_NONNULL = YES;
				CLANG_ANALYZER_NUMBER_OBJECT_CONVERSION = YES_AGGRESSIVE;
				CLANG_CXX_LANGUAGE_STANDARD = "gnu++14";
				CLANG_CXX_LIBRARY = "libc++";
				CLANG_ENABLE_MODULES = YES;
				CLANG_ENABLE_OBJC_ARC = YES;
				CLANG_ENABLE_OBJC_WEAK = YES;
				CLANG_WARN_BLOCK_CAPTURE_AUTORELEASING = YES;
				CLANG_WARN_BOOL_CONVERSION = YES;
				CLANG_WARN_COMMA = YES;
				CLANG_WARN_CONSTANT_CONVERSION = YES;
				CLANG_WARN_DEPRECATED_OBJC_IMPLEMENTATIONS = YES;
				CLANG_WARN_DIRECT_OBJC_ISA_USAGE = YES_ERROR;
				CLANG_WARN_DOCUMENTATION_COMMENTS = YES;
				CLANG_WARN_EMPTY_BODY = YES;
				CLANG_WARN_ENUM_CONVERSION = YES;
				CLANG_WARN_INFINITE_RECURSION = YES;
				CLANG_WARN_INT_CONVERSION = YES;
				CLANG_WARN_NON_LITERAL_NULL_CONVERSION = YES;
				CLANG_WARN_OBJC_IMPLICIT_RETAIN_SELF = YES;
				CLANG_WARN_OBJC_LITERAL_CONVERSION = YES;
				CLANG_WARN_OBJC_ROOT_CLASS = YES_ERROR;
				CLANG_WARN_RANGE_LOOP_ANALYSIS = YES;
				CLANG_WARN_STRICT_PROTOTYPES = YES;
				CLANG_WARN_SUSPICIOUS_MOVE = YES;
				CLANG_WARN_UNGUARDED_AVAILABILITY = YES_AGGRESSIVE;
				CLANG_WARN_UNREACHABLE_CODE = YES;
				CLANG_WARN__DUPLICATE_METHOD_MATCH = YES;
				COPY_PHASE_STRIP = NO;
				DEBUG_INFORMATION_FORMAT = dwarf;
				ENABLE_STRICT_OBJC_MSGSEND = YES;
				ENABLE_TESTABILITY = YES;
				GCC_C_LANGUAGE_STANDARD = gnu11;
				GCC_DYNAMIC_NO_PIC = NO;
				GCC_NO_COMMON_BLOCKS = YES;
				GCC_OPTIMIZATION_LEVEL = 0;
				GCC_PREPROCESSOR_DEFINITIONS = (
					"DEBUG=1",
					"$(inherited)",
				);
				GCC_WARN_64_TO_32_BIT_CONVERSION = YES;
				GCC_WARN_ABOUT_RETURN_TYPE = YES_ERROR;
				GCC_WARN_UNDECLARED_SELECTOR = YES;
				GCC_WARN_UNINITIALIZED_AUTOS = YES_AGGRESSIVE;
				GCC_WARN_UNUSED_FUNCTION = YES;
				GCC_WARN_UNUSED_VARIABLE = YES;
				IPHONEOS_DEPLOYMENT_TARGET = 13.4;
				MTL_ENABLE_DEBUG_INFO = INCLUDE_SOURCE;
				MTL_FAST_MATH = YES;
				ONLY_ACTIVE_ARCH = YES;
				SDKROOT = iphoneos;
				SWIFT_ACTIVE_COMPILATION_CONDITIONS = DEBUG;
				SWIFT_OPTIMIZATION_LEVEL = "-Onone";
			};
			name = Debug;
		};
		AC5D0678249850CB009829F9 /* Release */ = {
			isa = XCBuildConfiguration;
			buildSettings = {
				ALWAYS_SEARCH_USER_PATHS = NO;
				CLANG_ANALYZER_NONNULL = YES;
				CLANG_ANALYZER_NUMBER_OBJECT_CONVERSION = YES_AGGRESSIVE;
				CLANG_CXX_LANGUAGE_STANDARD = "gnu++14";
				CLANG_CXX_LIBRARY = "libc++";
				CLANG_ENABLE_MODULES = YES;
				CLANG_ENABLE_OBJC_ARC = YES;
				CLANG_ENABLE_OBJC_WEAK = YES;
				CLANG_WARN_BLOCK_CAPTURE_AUTORELEASING = YES;
				CLANG_WARN_BOOL_CONVERSION = YES;
				CLANG_WARN_COMMA = YES;
				CLANG_WARN_CONSTANT_CONVERSION = YES;
				CLANG_WARN_DEPRECATED_OBJC_IMPLEMENTATIONS = YES;
				CLANG_WARN_DIRECT_OBJC_ISA_USAGE = YES_ERROR;
				CLANG_WARN_DOCUMENTATION_COMMENTS = YES;
				CLANG_WARN_EMPTY_BODY = YES;
				CLANG_WARN_ENUM_CONVERSION = YES;
				CLANG_WARN_INFINITE_RECURSION = YES;
				CLANG_WARN_INT_CONVERSION = YES;
				CLANG_WARN_NON_LITERAL_NULL_CONVERSION = YES;
				CLANG_WARN_OBJC_IMPLICIT_RETAIN_SELF = YES;
				CLANG_WARN_OBJC_LITERAL_CONVERSION = YES;
				CLANG_WARN_OBJC_ROOT_CLASS = YES_ERROR;
				CLANG_WARN_RANGE_LOOP_ANALYSIS = YES;
				CLANG_WARN_STRICT_PROTOTYPES = YES;
				CLANG_WARN_SUSPICIOUS_MOVE = YES;
				CLANG_WARN_UNGUARDED_AVAILABILITY = YES_AGGRESSIVE;
				CLANG_WARN_UNREACHABLE_CODE = YES;
				CLANG_WARN__DUPLICATE_METHOD_MATCH = YES;
				COPY_PHASE_STRIP = NO;
				DEBUG_INFORMATION_FORMAT = "dwarf-with-dsym";
				ENABLE_NS_ASSERTIONS = NO;
				ENABLE_STRICT_OBJC_MSGSEND = YES;
				GCC_C_LANGUAGE_STANDARD = gnu11;
				GCC_NO_COMMON_BLOCKS = YES;
				GCC_WARN_64_TO_32_BIT_CONVERSION = YES;
				GCC_WARN_ABOUT_RETURN_TYPE = YES_ERROR;
				GCC_WARN_UNDECLARED_SELECTOR = YES;
				GCC_WARN_UNINITIALIZED_AUTOS = YES_AGGRESSIVE;
				GCC_WARN_UNUSED_FUNCTION = YES;
				GCC_WARN_UNUSED_VARIABLE = YES;
				IPHONEOS_DEPLOYMENT_TARGET = 13.4;
				MTL_ENABLE_DEBUG_INFO = NO;
				MTL_FAST_MATH = YES;
				SDKROOT = iphoneos;
				SWIFT_COMPILATION_MODE = wholemodule;
				SWIFT_OPTIMIZATION_LEVEL = "-O";
				VALIDATE_PRODUCT = YES;
			};
			name = Release;
		};
		AC5D067A249850CB009829F9 /* Debug */ = {
			isa = XCBuildConfiguration;
			buildSettings = {
				ASSETCATALOG_COMPILER_APPICON_NAME = AppIcon;
				CODE_SIGN_STYLE = Automatic;
				INFOPLIST_FILE = VisitPlaces_Srinath_C0741052/Info.plist;
				LD_RUNPATH_SEARCH_PATHS = (
					"$(inherited)",
					"@executable_path/Frameworks",
				);
				PRODUCT_BUNDLE_IDENTIFIER = "srinathsuddala.VisitPlaces-Srinath-C0741052";
				PRODUCT_NAME = "$(TARGET_NAME)";
				SWIFT_VERSION = 5.0;
				TARGETED_DEVICE_FAMILY = "1,2";
			};
			name = Debug;
		};
		AC5D067B249850CB009829F9 /* Release */ = {
			isa = XCBuildConfiguration;
			buildSettings = {
				ASSETCATALOG_COMPILER_APPICON_NAME = AppIcon;
				CODE_SIGN_STYLE = Automatic;
				INFOPLIST_FILE = VisitPlaces_Srinath_C0741052/Info.plist;
				LD_RUNPATH_SEARCH_PATHS = (
					"$(inherited)",
					"@executable_path/Frameworks",
				);
				PRODUCT_BUNDLE_IDENTIFIER = "srinathsuddala.VisitPlaces-Srinath-C0741052";
				PRODUCT_NAME = "$(TARGET_NAME)";
				SWIFT_VERSION = 5.0;
				TARGETED_DEVICE_FAMILY = "1,2";
			};
			name = Release;
		};
/* End XCBuildConfiguration section */

/* Begin XCConfigurationList section */
		AC5D0660249850C9009829F9 /* Build configuration list for PBXProject "VisitPlaces_Srinath_C0741052" */ = {
			isa = XCConfigurationList;
			buildConfigurations = (
				AC5D0677249850CB009829F9 /* Debug */,
				AC5D0678249850CB009829F9 /* Release */,
			);
			defaultConfigurationIsVisible = 0;
			defaultConfigurationName = Release;
		};
		AC5D0679249850CB009829F9 /* Build configuration list for PBXNativeTarget "VisitPlaces_Srinath_C0741052" */ = {
			isa = XCConfigurationList;
			buildConfigurations = (
				AC5D067A249850CB009829F9 /* Debug */,
				AC5D067B249850CB009829F9 /* Release */,
			);
			defaultConfigurationIsVisible = 0;
			defaultConfigurationName = Release;
		};
/* End XCConfigurationList section */
	};
	rootObject = AC5D065D249850C9009829F9 /* Project object */;
}
